
Microsoft Visual Studio Solution File, Format Version 12.00
# Visual Studio Version 17
VisualStudioVersion = 17.13.35828.75 d17.13
MinimumVisualStudioVersion = 10.0.40219.1
Project("{FAE04EC0-301F-11D3-BF4B-00C04F79EFBC}") = "HLLSeeder", "HLLSeeder\HLLSeeder.csproj", "{A193350A-9E55-4A94-8E34-3B9018203E87}"
EndProject
Global
	GlobalSection(SolutionConfigurationPlatforms) = preSolution
		Debug|Any CPU = Debug|Any CPU
		Release|Any CPU = Release|Any CPU
	EndGlobalSection
	GlobalSection(ProjectConfigurationPlatforms) = postSolution
		{A193350A-9E55-4A94-8E34-3B9018203E87}.Debug|Any CPU.ActiveCfg = Debug|Any CPU
		{A193350A-9E55-4A94-8E34-3B9018203E87}.Debug|Any CPU.Build.0 = Debug|Any CPU
		{A193350A-9E55-4A94-8E34-3B9018203E87}.Release|Any CPU.ActiveCfg = Release|Any CPU
		{A193350A-9E55-4A94-8E34-3B9018203E87}.Release|Any CPU.Build.0 = Release|Any CPU
	EndGlobalSection
	GlobalSection(SolutionProperties) = preSolution
		HideSolutionNode = FALSE
	EndGlobalSection
	GlobalSection(ExtensibilityGlobals) = postSolution
		SolutionGuid = {C63372D8-019D-40F6-9466-065D0BB2F3FA}
	EndGlobalSection
EndGlobal
